
Microsoft Visual Studio Solution File, Format Version 12.00
# Visual Studio Version 17
VisualStudioVersion = 17.1.32421.90
MinimumVisualStudioVersion = 10.0.40219.1
Project("{FAE04EC0-301F-11D3-BF4B-00C04F79EFBC}") = "UrunYonetimiStokTakip", "UrunYonetimiStokTakip.csproj", "{DFA52A2E-63AB-4CF7-B91E-68969BAC1610}"
EndProject
Project("{FAE04EC0-301F-11D3-BF4B-00C04F79EFBC}") = "UrunYonetimiStokTakip.Entities", "..\UrunYonetimiStokTakip.Entities\UrunYonetimiStokTakip.Entities.csproj", "{111B187D-AA8E-4F01-B196-667ECE93C5D4}"
EndProject
Project("{FAE04EC0-301F-11D3-BF4B-00C04F79EFBC}") = "UrunYonetimiStokTakibi.DAL", "..\UrunYonetimiStokTakibi.DAL\UrunYonetimiStokTakibi.DAL.csproj", "{DB9B484A-262B-4575-B78E-34193F64C908}"
EndProject
Project("{FAE04EC0-301F-11D3-BF4B-00C04F79EFBC}") = "UrunYonetimStokTakip.BL", "..\UrunYonetimStokTakip.BL\UrunYonetimStokTakip.BL.csproj", "{7BBA138D-B5AB-41C4-BC21-3ED356346475}"
EndProject
Project("{FAE04EC0-301F-11D3-BF4B-00C04F79EFBC}") = "UrunYonetimiStokTakip.WebFormUI", "..\UrunYonetimiStokTakip.WebFormUI\UrunYonetimiStokTakip.WebFormUI.csproj", "{A7181023-7244-467D-8550-857DF8859C23}"
EndProject
Global
	GlobalSection(SolutionConfigurationPlatforms) = preSolution
		Debug|Any CPU = Debug|Any CPU
		Release|Any CPU = Release|Any CPU
	EndGlobalSection
	GlobalSection(ProjectConfigurationPlatforms) = postSolution
		{DFA52A2E-63AB-4CF7-B91E-68969BAC1610}.Debug|Any CPU.ActiveCfg = Debug|Any CPU
		{DFA52A2E-63AB-4CF7-B91E-68969BAC1610}.Debug|Any CPU.Build.0 = Debug|Any CPU
		{DFA52A2E-63AB-4CF7-B91E-68969BAC1610}.Release|Any CPU.ActiveCfg = Release|Any CPU
		{DFA52A2E-63AB-4CF7-B91E-68969BAC1610}.Release|Any CPU.Build.0 = Release|Any CPU
		{111B187D-AA8E-4F01-B196-667ECE93C5D4}.Debug|Any CPU.ActiveCfg = Debug|Any CPU
		{111B187D-AA8E-4F01-B196-667ECE93C5D4}.Debug|Any CPU.Build.0 = Debug|Any CPU
		{111B187D-AA8E-4F01-B196-667ECE93C5D4}.Release|Any CPU.ActiveCfg = Release|Any CPU
		{111B187D-AA8E-4F01-B196-667ECE93C5D4}.Release|Any CPU.Build.0 = Release|Any CPU
		{DB9B484A-262B-4575-B78E-34193F64C908}.Debug|Any CPU.ActiveCfg = Debug|Any CPU
		{DB9B484A-262B-4575-B78E-34193F64C908}.Debug|Any CPU.Build.0 = Debug|Any CPU
		{DB9B484A-262B-4575-B78E-34193F64C908}.Release|Any CPU.ActiveCfg = Release|Any CPU
		{DB9B484A-262B-4575-B78E-34193F64C908}.Release|Any CPU.Build.0 = Release|Any CPU
		{7BBA138D-B5AB-41C4-BC21-3ED356346475}.Debug|Any CPU.ActiveCfg = Debug|Any CPU
		{7BBA138D-B5AB-41C4-BC21-3ED356346475}.Debug|Any CPU.Build.0 = Debug|Any CPU
		{7BBA138D-B5AB-41C4-BC21-3ED356346475}.Release|Any CPU.ActiveCfg = Release|Any CPU
		{7BBA138D-B5AB-41C4-BC21-3ED356346475}.Release|Any CPU.Build.0 = Release|Any CPU
		{A7181023-7244-467D-8550-857DF8859C23}.Debug|Any CPU.ActiveCfg = Debug|Any CPU
		{A7181023-7244-467D-8550-857DF8859C23}.Debug|Any CPU.Build.0 = Debug|Any CPU
		{A7181023-7244-467D-8550-857DF8859C23}.Release|Any CPU.ActiveCfg = Release|Any CPU
		{A7181023-7244-467D-8550-857DF8859C23}.Release|Any CPU.Build.0 = Release|Any CPU
	EndGlobalSection
	GlobalSection(SolutionProperties) = preSolution
		HideSolutionNode = FALSE
	EndGlobalSection
	GlobalSection(ExtensibilityGlobals) = postSolution
		SolutionGuid = {1DD40C69-0F4E-4F41-9484-AD35CC3081BF}
	EndGlobalSection
EndGlobal
